
Microsoft Visual Studio Solution File, Format Version 12.00
# Visual Studio 15
VisualStudioVersion = 15.0.28307.106
MinimumVisualStudioVersion = 10.0.40219.1
Project("{FAE04EC0-301F-11D3-BF4B-00C04F79EFBC}") = "DisplayTable", "DisplayTable\DisplayTable.csproj", "{0291D618-D235-43EB-A693-89890BA60B8D}"
EndProject
Project("{FAE04EC0-301F-11D3-BF4B-00C04F79EFBC}") = "BaseballExample", "BaseballExample\BaseballExample.csproj", "{CDABDC39-5D1C-4AF4-999C-2FC762AADDA1}"
EndProject
Project("{FAE04EC0-301F-11D3-BF4B-00C04F79EFBC}") = "Part3", "Part3\Part3.csproj", "{C605B77D-38F6-4800-BDDC-9E1C477324AB}"
EndProject
Global
	GlobalSection(SolutionConfigurationPlatforms) = preSolution
		Debug|Any CPU = Debug|Any CPU
		Release|Any CPU = Release|Any CPU
	EndGlobalSection
	GlobalSection(ProjectConfigurationPlatforms) = postSolution
		{0291D618-D235-43EB-A693-89890BA60B8D}.Debug|Any CPU.ActiveCfg = Debug|Any CPU
		{0291D618-D235-43EB-A693-89890BA60B8D}.Debug|Any CPU.Build.0 = Debug|Any CPU
		{0291D618-D235-43EB-A693-89890BA60B8D}.Release|Any CPU.ActiveCfg = Release|Any CPU
		{0291D618-D235-43EB-A693-89890BA60B8D}.Release|Any CPU.Build.0 = Release|Any CPU
		{CDABDC39-5D1C-4AF4-999C-2FC762AADDA1}.Debug|Any CPU.ActiveCfg = Debug|Any CPU
		{CDABDC39-5D1C-4AF4-999C-2FC762AADDA1}.Debug|Any CPU.Build.0 = Debug|Any CPU
		{CDABDC39-5D1C-4AF4-999C-2FC762AADDA1}.Release|Any CPU.ActiveCfg = Release|Any CPU
		{CDABDC39-5D1C-4AF4-999C-2FC762AADDA1}.Release|Any CPU.Build.0 = Release|Any CPU
		{C605B77D-38F6-4800-BDDC-9E1C477324AB}.Debug|Any CPU.ActiveCfg = Debug|Any CPU
		{C605B77D-38F6-4800-BDDC-9E1C477324AB}.Debug|Any CPU.Build.0 = Debug|Any CPU
		{C605B77D-38F6-4800-BDDC-9E1C477324AB}.Release|Any CPU.ActiveCfg = Release|Any CPU
		{C605B77D-38F6-4800-BDDC-9E1C477324AB}.Release|Any CPU.Build.0 = Release|Any CPU
	EndGlobalSection
	GlobalSection(SolutionProperties) = preSolution
		HideSolutionNode = FALSE
	EndGlobalSection
	GlobalSection(ExtensibilityGlobals) = postSolution
		SolutionGuid = {D386AAFD-1037-4451-9D58-5DB9BBE4D217}
	EndGlobalSection
EndGlobal
